
Microsoft Visual Studio Solution File, Format Version 12.00
# Visual Studio 15
VisualStudioVersion = 15.0.28010.2050
MinimumVisualStudioVersion = 10.0.40219.1
Project("{FAE04EC0-301F-11D3-BF4B-00C04F79EFBC}") = "ExtensionFix", "ExtensionFix\ExtensionFix.csproj", "{C033BBBC-9E6B-4909-9FA2-28A6FBA382F3}"
EndProject
Project("{FAE04EC0-301F-11D3-BF4B-00C04F79EFBC}") = "ExtensionFixTest", "ExtensionFixTest\ExtensionFixTest.csproj", "{1D4B38B9-E8B7-4062-9AA5-40A00ADA103B}"
EndProject
Global
	GlobalSection(SolutionConfigurationPlatforms) = preSolution
		Debug|Any CPU = Debug|Any CPU
		Release|Any CPU = Release|Any CPU
	EndGlobalSection
	GlobalSection(ProjectConfigurationPlatforms) = postSolution
		{C033BBBC-9E6B-4909-9FA2-28A6FBA382F3}.Debug|Any CPU.ActiveCfg = Debug|Any CPU
		{C033BBBC-9E6B-4909-9FA2-28A6FBA382F3}.Debug|Any CPU.Build.0 = Debug|Any CPU
		{C033BBBC-9E6B-4909-9FA2-28A6FBA382F3}.Release|Any CPU.ActiveCfg = Release|Any CPU
		{C033BBBC-9E6B-4909-9FA2-28A6FBA382F3}.Release|Any CPU.Build.0 = Release|Any CPU
		{1D4B38B9-E8B7-4062-9AA5-40A00ADA103B}.Debug|Any CPU.ActiveCfg = Debug|Any CPU
		{1D4B38B9-E8B7-4062-9AA5-40A00ADA103B}.Debug|Any CPU.Build.0 = Debug|Any CPU
		{1D4B38B9-E8B7-4062-9AA5-40A00ADA103B}.Release|Any CPU.ActiveCfg = Release|Any CPU
		{1D4B38B9-E8B7-4062-9AA5-40A00ADA103B}.Release|Any CPU.Build.0 = Release|Any CPU
	EndGlobalSection
	GlobalSection(SolutionProperties) = preSolution
		HideSolutionNode = FALSE
	EndGlobalSection
	GlobalSection(ExtensibilityGlobals) = postSolution
		SolutionGuid = {39B655C3-DBBF-42CF-854B-9409DF568BB4}
	EndGlobalSection
EndGlobal
